{
    "_readme": [
        "This file locks the dependencies of your project to a known state",
        "Read more about it at https://getcomposer.org/doc/01-basic-usage.md#installing-dependencies",
        "This file is @generated automatically"
    ],
    "content-hash": "e2fdd5a6d199cbfa9a23132a50749477",
    "packages": [
        {
            "name": "icecave/repr",
            "version": "2.0.1",
            "source": {
                "type": "git",
                "url": "https://github.com/icecave/repr.git",
                "reference": "87b7de87d0323c6ab99116bac3e66c4522c06be0"
            },
            "dist": {
                "type": "zip",
                "url": "https://api.github.com/repos/icecave/repr/zipball/87b7de87d0323c6ab99116bac3e66c4522c06be0",
                "reference": "87b7de87d0323c6ab99116bac3e66c4522c06be0",
                "shasum": ""
            },
            "require": {
                "php": ">=7.1"
            },
            "require-dev": {
                "friendsofphp/php-cs-fixer": "^2",
                "phake/phake": "^1",
                "phpunit/phpunit": "^7"
            },
            "type": "library",
            "autoload": {
                "psr-4": {
                    "Icecave\\Repr\\": "src"
                }
            },
            "notification-url": "https://packagist.org/downloads/",
            "license": [
                "MIT"
            ],
            "authors": [
                {
                    "name": "James Harris",
                    "email": "mailjamesharris@gmail.com",
                    "homepage": "https://github.com/jmalloc"
                }
            ],
            "description": "A library for generating string representations of any value, inspired by Python's reprlib library.",
            "homepage": "https://github.com/icecave/repr",
            "keywords": [
                "human",
                "readable",
                "repr",
                "representation",
                "string"
            ],
            "time": "2019-10-23T03:45:42+00:00"
        },
        {
            "name": "react/cache",
            "version": "v1.0.0",
            "source": {
                "type": "git",
                "url": "https://github.com/reactphp/cache.git",
                "reference": "aa10d63a1b40a36a486bdf527f28bac607ee6466"
            },
            "dist": {
                "type": "zip",
                "url": "https://api.github.com/repos/reactphp/cache/zipball/aa10d63a1b40a36a486bdf527f28bac607ee6466",
                "reference": "aa10d63a1b40a36a486bdf527f28bac607ee6466",
                "shasum": ""
            },
            "require": {
                "php": ">=5.3.0",
                "react/promise": "~2.0|~1.1"
            },
            "require-dev": {
                "phpunit/phpunit": "^6.4 || ^5.7 || ^4.8.35"
            },
            "type": "library",
            "autoload": {
                "psr-4": {
                    "React\\Cache\\": "src/"
                }
            },
            "notification-url": "https://packagist.org/downloads/",
            "license": [
                "MIT"
            ],
            "description": "Async, Promise-based cache interface for ReactPHP",
            "keywords": [
                "cache",
                "caching",
                "promise",
                "reactphp"
            ],
            "time": "2019-07-11T13:45:28+00:00"
        },
        {
            "name": "react/dns",
            "version": "v1.2.0",
            "source": {
                "type": "git",
                "url": "https://github.com/reactphp/dns.git",
                "reference": "a214d90c2884dac18d0cac6176202f247b66d762"
            },
            "dist": {
                "type": "zip",
                "url": "https://api.github.com/repos/reactphp/dns/zipball/a214d90c2884dac18d0cac6176202f247b66d762",
                "reference": "a214d90c2884dac18d0cac6176202f247b66d762",
                "shasum": ""
            },
            "require": {
                "php": ">=5.3.0",
                "react/cache": "^1.0 || ^0.6 || ^0.5",
                "react/event-loop": "^1.0 || ^0.5",
                "react/promise": "^2.7 || ^1.2.1",
                "react/promise-timer": "^1.2"
            },
            "require-dev": {
                "clue/block-react": "^1.2",
                "phpunit/phpunit": "^7.0 || ^6.4 || ^5.7 || ^4.8.35"
            },
            "type": "library",
            "autoload": {
                "psr-4": {
                    "React\\Dns\\": "src"
                }
            },
            "notification-url": "https://packagist.org/downloads/",
            "license": [
                "MIT"
            ],
            "description": "Async DNS resolver for ReactPHP",
            "keywords": [
                "async",
                "dns",
                "dns-resolver",
                "reactphp"
            ],
            "time": "2019-08-15T09:06:31+00:00"
        },
        {
            "name": "react/event-loop",
            "version": "v1.1.0",
            "source": {
                "type": "git",
                "url": "https://github.com/reactphp/event-loop.git",
                "reference": "a0ecac955c67b57c40fe4a1b88a7cca1b58c982d"
            },
            "dist": {
                "type": "zip",
                "url": "https://api.github.com/repos/reactphp/event-loop/zipball/a0ecac955c67b57c40fe4a1b88a7cca1b58c982d",
                "reference": "a0ecac955c67b57c40fe4a1b88a7cca1b58c982d",
                "shasum": ""
            },
            "require": {
                "php": ">=5.3.0"
            },
            "require-dev": {
                "phpunit/phpunit": "^7.0 || ^6.4 || ^5.7 || ^4.8.35"
            },
            "suggest": {
                "ext-event": "~1.0 for ExtEventLoop",
                "ext-pcntl": "For signal handling support when using the StreamSelectLoop",
                "ext-uv": "* for ExtUvLoop"
            },
            "type": "library",
            "autoload": {
                "psr-4": {
                    "React\\EventLoop\\": "src"
                }
            },
            "notification-url": "https://packagist.org/downloads/",
            "license": [
                "MIT"
            ],
            "description": "ReactPHP's core reactor event loop that libraries can use for evented I/O.",
            "keywords": [
                "asynchronous",
                "event-loop"
            ],
            "time": "2019-02-07T16:19:49+00:00"
        },
        {
            "name": "react/promise",
            "version": "v2.7.1",
            "source": {
                "type": "git",
                "url": "https://github.com/reactphp/promise.git",
                "reference": "31ffa96f8d2ed0341a57848cbb84d88b89dd664d"
            },
            "dist": {
                "type": "zip",
                "url": "https://api.github.com/repos/reactphp/promise/zipball/31ffa96f8d2ed0341a57848cbb84d88b89dd664d",
                "reference": "31ffa96f8d2ed0341a57848cbb84d88b89dd664d",
                "shasum": ""
            },
            "require": {
                "php": ">=5.4.0"
            },
            "require-dev": {
                "phpunit/phpunit": "~4.8"
            },
            "type": "library",
            "autoload": {
                "psr-4": {
                    "React\\Promise\\": "src/"
                },
                "files": [
                    "src/functions_include.php"
                ]
            },
            "notification-url": "https://packagist.org/downloads/",
            "license": [
                "MIT"
            ],
            "authors": [
                {
                    "name": "Jan Sorgalla",
                    "email": "jsorgalla@gmail.com"
                }
            ],
            "description": "A lightweight implementation of CommonJS Promises/A for PHP",
            "keywords": [
                "promise",
                "promises"
            ],
            "time": "2019-01-07T21:25:54+00:00"
        },
        {
            "name": "react/promise-timer",
            "version": "v1.5.1",
            "source": {
                "type": "git",
                "url": "https://github.com/reactphp/promise-timer.git",
                "reference": "35fb910604fd86b00023fc5cda477c8074ad0abc"
            },
            "dist": {
                "type": "zip",
                "url": "https://api.github.com/repos/reactphp/promise-timer/zipball/35fb910604fd86b00023fc5cda477c8074ad0abc",
                "reference": "35fb910604fd86b00023fc5cda477c8074ad0abc",
                "shasum": ""
            },
            "require": {
                "php": ">=5.3",
                "react/event-loop": "^1.0 || ^0.5 || ^0.4 || ^0.3.5",
                "react/promise": "^2.7.0 || ^1.2.1"
            },
            "require-dev": {
                "phpunit/phpunit": "^6.4 || ^5.7 || ^4.8.35"
            },
            "type": "library",
            "autoload": {
                "psr-4": {
                    "React\\Promise\\Timer\\": "src/"
                },
                "files": [
                    "src/functions_include.php"
                ]
            },
            "notification-url": "https://packagist.org/downloads/",
            "license": [
                "MIT"
            ],
            "authors": [
                {
                    "name": "Christian Lück",
                    "email": "christian@lueck.tv"
                }
            ],
            "description": "A trivial implementation of timeouts for Promises, built on top of ReactPHP.",
            "homepage": "https://github.com/reactphp/promise-timer",
            "keywords": [
                "async",
                "event-loop",
                "promise",
                "reactphp",
                "timeout",
                "timer"
            ],
            "time": "2019-03-27T18:10:32+00:00"
        },
        {
            "name": "recoil/api",
            "version": "1.0.1",
            "source": {
                "type": "git",
                "url": "https://github.com/recoilphp/api.git",
                "reference": "0e998e56ca1b6ddf8665b23833737445ab639b4e"
            },
            "dist": {
                "type": "zip",
                "url": "https://api.github.com/repos/recoilphp/api/zipball/0e998e56ca1b6ddf8665b23833737445ab639b4e",
                "reference": "0e998e56ca1b6ddf8665b23833737445ab639b4e",
                "shasum": ""
            },
            "require": {
                "php": "^7"
            },
            "require-dev": {
                "eloquent/phony": "^2",
                "friendsofphp/php-cs-fixer": "^1",
                "peridot-php/leo": "^1",
                "peridot-php/peridot": "^1",
                "peridot-php/peridot-code-coverage-reporters": "^2"
            },
            "type": "library",
            "autoload": {
                "psr-4": {
                    "Recoil\\": "src"
                }
            },
            "notification-url": "https://packagist.org/downloads/",
            "license": [
                "MIT"
            ],
            "authors": [
                {
                    "name": "James Harris",
                    "email": "james.harris@icecave.com.au",
                    "homepage": "https://github.com/jmalloc"
                }
            ],
            "description": "The public Recoil API, for library and application developers.",
            "homepage": "https://github.com/recoilphp/api",
            "keywords": [
                "Thread",
                "async",
                "asynchronous",
                "continuation",
                "coroutine",
                "event",
                "generator",
                "green",
                "multitasking",
                "react"
            ],
            "time": "2017-12-13T00:34:28+00:00"
        },
        {
            "name": "recoil/kernel",
            "version": "1.0.2",
            "source": {
                "type": "git",
                "url": "https://github.com/recoilphp/kernel.git",
                "reference": "cf307c4f8de2b82dfd3798b1bdd1d2c229239b3a"
            },
            "dist": {
                "type": "zip",
                "url": "https://api.github.com/repos/recoilphp/kernel/zipball/cf307c4f8de2b82dfd3798b1bdd1d2c229239b3a",
                "reference": "cf307c4f8de2b82dfd3798b1bdd1d2c229239b3a",
                "shasum": ""
            },
            "require": {
                "icecave/repr": "^2",
                "php": "^7.1",
                "recoil/api": "^1"
            },
            "require-dev": {
                "eloquent/phony": "^3.2",
                "friendsofphp/php-cs-fixer": "^2",
                "hamcrest/hamcrest-php": "^2",
                "peridot-php/leo": "^1",
                "peridot-php/peridot": "^1",
                "peridot-php/peridot-code-coverage-reporters": "^2"
            },
            "type": "library",
            "autoload": {
                "psr-4": {
                    "Recoil\\Kernel\\": "src"
                }
            },
            "notification-url": "https://packagist.org/downloads/",
            "license": [
                "MIT"
            ],
            "authors": [
                {
                    "name": "James Harris",
                    "email": "james.harris@icecave.com.au",
                    "homepage": "https://github.com/jmalloc"
                }
            ],
            "description": "Reusable components for implementing Recoil kernels.",
            "homepage": "https://github.com/recoilphp/kernel",
            "keywords": [
                "Thread",
                "async",
                "asynchronous",
                "continuation",
                "coroutine",
                "event",
                "generator",
                "green",
                "multitasking",
                "react"
            ],
            "time": "2019-10-31T08:17:10+00:00"
        },
        {
            "name": "recoil/react",
            "version": "1.0.2",
            "source": {
                "type": "git",
                "url": "https://github.com/recoilphp/react.git",
                "reference": "d385ab9ff8cbc99ab2d145ff9687895f9e8dcc0d"
            },
            "dist": {
                "type": "zip",
                "url": "https://api.github.com/repos/recoilphp/react/zipball/d385ab9ff8cbc99ab2d145ff9687895f9e8dcc0d",
                "reference": "d385ab9ff8cbc99ab2d145ff9687895f9e8dcc0d",
                "shasum": ""
            },
            "require": {
                "php": "^7",
                "react/event-loop": "^1.0 || ^0.5 || ^0.4",
                "react/promise": "^2",
                "recoil/api": "^1",
                "recoil/kernel": "^1"
            },
            "require-dev": {
                "eloquent/phony": "^2",
                "friendsofphp/php-cs-fixer": "^2",
                "hamcrest/hamcrest-php": "^2",
                "peridot-php/leo": "^1",
                "peridot-php/peridot": "^1",
                "peridot-php/peridot-code-coverage-reporters": "^2",
                "recoil/dev": "^0.3"
            },
            "type": "library",
            "autoload": {
                "psr-4": {
                    "Recoil\\React\\": "src"
                }
            },
            "notification-url": "https://packagist.org/downloads/",
            "license": [
                "MIT"
            ],
            "authors": [
                {
                    "name": "James Harris",
                    "email": "james.harris@icecave.com.au",
                    "homepage": "https://github.com/jmalloc"
                }
            ],
            "description": "Integrate Recoil with ReactPHP.",
            "homepage": "https://github.com/recoilphp/react",
            "keywords": [
                "Thread",
                "async",
                "asynchronous",
                "continuation",
                "coroutine",
                "event",
                "generator",
                "green",
                "multitasking",
                "promise",
                "react"
            ],
            "time": "2018-04-29T21:00:07+00:00"
        },
        {
            "name": "recoil/recoil",
            "version": "1.0.1",
            "source": {
                "type": "git",
                "url": "https://github.com/recoilphp/recoil.git",
                "reference": "4b6ef1bac619910b21edb3bda6a7b16502b6889a"
            },
            "dist": {
                "type": "zip",
                "url": "https://api.github.com/repos/recoilphp/recoil/zipball/4b6ef1bac619910b21edb3bda6a7b16502b6889a",
                "reference": "4b6ef1bac619910b21edb3bda6a7b16502b6889a",
                "shasum": ""
            },
            "require": {
                "php": "^7",
                "recoil/api": "^1",
                "recoil/kernel": "^1"
            },
            "require-dev": {
                "eloquent/phony": "^2",
                "friendsofphp/php-cs-fixer": "^2",
                "peridot-php/leo": "^1",
                "peridot-php/peridot": "^1",
                "peridot-php/peridot-code-coverage-reporters": "^2",
                "react/dns": "^0.4",
                "recoil/dev": "^0.3",
                "recoil/react": "^1"
            },
            "type": "library",
            "autoload": {
                "psr-4": {
                    "Recoil\\ReferenceKernel\\": "src"
                }
            },
            "notification-url": "https://packagist.org/downloads/",
            "license": [
                "MIT"
            ],
            "authors": [
                {
                    "name": "James Harris",
                    "email": "james.harris@icecave.com.au",
                    "homepage": "https://github.com/jmalloc"
                }
            ],
            "description": "Asynchronous coroutines for PHP 7.",
            "homepage": "https://github.com/recoilphp/recoil",
            "keywords": [
                "Thread",
                "async",
                "asynchronous",
                "continuation",
                "coroutine",
                "event",
                "generator",
                "green",
                "multitasking",
                "react"
            ],
            "time": "2018-04-05T21:43:59+00:00"
        }
    ],
    "packages-dev": [],
    "aliases": [],
    "minimum-stability": "stable",
    "stability-flags": [],
    "prefer-stable": false,
    "prefer-lowest": false,
    "platform": [],
    "platform-dev": []
}
